
Microsoft Visual Studio Solution File, Format Version 12.00
# Visual Studio Version 16
VisualStudioVersion = 16.0.32630.194
MinimumVisualStudioVersion = 10.0.40219.1
Project("{FAE04EC0-301F-11D3-BF4B-00C04F79EFBC}") = "HW_01_WpfApp1", "HW_01_WpfApp1\HW_01_WpfApp1.csproj", "{B0E6F620-D455-41FB-B920-49A8A8C722C9}"
EndProject
Global
	GlobalSection(SolutionConfigurationPlatforms) = preSolution
		Debug|Any CPU = Debug|Any CPU
		Release|Any CPU = Release|Any CPU
	EndGlobalSection
	GlobalSection(ProjectConfigurationPlatforms) = postSolution
		{B0E6F620-D455-41FB-B920-49A8A8C722C9}.Debug|Any CPU.ActiveCfg = Debug|Any CPU
		{B0E6F620-D455-41FB-B920-49A8A8C722C9}.Debug|Any CPU.Build.0 = Debug|Any CPU
		{B0E6F620-D455-41FB-B920-49A8A8C722C9}.Release|Any CPU.ActiveCfg = Release|Any CPU
		{B0E6F620-D455-41FB-B920-49A8A8C722C9}.Release|Any CPU.Build.0 = Release|Any CPU
	EndGlobalSection
	GlobalSection(SolutionProperties) = preSolution
		HideSolutionNode = FALSE
	EndGlobalSection
	GlobalSection(ExtensibilityGlobals) = postSolution
		SolutionGuid = {31B45E08-E543-4B12-A4F6-DF4EA0B7D902}
	EndGlobalSection
EndGlobal
